PODS:
  - AFNetworking (3.2.0):
    - AFNetworking/NSURLSession (= 3.2.0)
    - AFNetworking/Reachability (= 3.2.0)
    - AFNetworking/Security (= 3.2.0)
    - AFNetworking/Serialization (= 3.2.0)
    - AFNetworking/UIKit (= 3.2.0)
  - AFNetworking/NSURLSession (3.2.0):
    - AFNetworking/Reachability
    - AFNetworking/Security
    - AFNetworking/Serialization
  - AFNetworking/Reachability (3.2.0)
  - AFNetworking/Security (3.2.0)
  - AFNetworking/Serialization (3.2.0)
  - AFNetworking/UIKit (3.2.0):
    - AFNetworking/NSURLSession
  - AVOSCloud (8.2.3)
  - MBProgressHUD (1.1.0)
  - RDVTabBarController (1.1.9)
  - SDWebImage (4.3.0):
    - SDWebImage/Core (= 4.3.0)
  - SDWebImage/Core (4.3.0)

DEPENDENCIES:
  - AFNetworking
  - AVOSCloud
  - MBProgressHUD
  - RDVTabBarController
  - SDWebImage

SPEC CHECKSUMS:
  AFNetworking: 8ac6017b94ea105479f7776e5288e48ae9c59bb4
  AVOSCloud: 242fe402282677149487e70fb993843d03cc7b86
  MBProgressHUD: e7baa36a220447d8aeb12769bf0585582f3866d9
  RDVTabBarController: 67794f7a7a37f8e32f046f85ac67d06ab92d624a
  SDWebImage: 6da6c8bca115addc4de8613362e1b15f66333825

PODFILE CHECKSUM: 57c46cdfa9bf9bafc53fb97031bf74fdf3e966bf

COCOAPODS: 1.4.0
