// !$*UTF8*$!
{
	archiveVersion = 1;
	classes = {
	};
	objectVersion = 46;
	objects = {

/* Begin PBXBuildFile section */
		4C1679391C3BC29500D64DD7 /* SystemConfiguration.framework in Frameworks */ = {isa = PBXBuildFile; fileRef = 4C1679381C3BC29500D64DD7 /* SystemConfiguration.framework */; };
		4C16793B1C3BC2A300D64DD7 /* MobileCoreServices.framework in Frameworks */ = {isa = PBXBuildFile; fileRef = 4C16793A1C3BC2A300D64DD7 /* MobileCoreServices.framework */; };
		4C16793D1C3BC2AE00D64DD7 /* CoreTelephony.framework in Frameworks */ = {isa = PBXBuildFile; fileRef = 4C16793C1C3BC2AE00D64DD7 /* CoreTelephony.framework */; };
		4C16793F1C3BC2DA00D64DD7 /* CoreLocation.framework in Frameworks */ = {isa = PBXBuildFile; fileRef = 4C16793E1C3BC2DA00D64DD7 /* CoreLocation.framework */; };
		4C1679411C3BC4FC00D64DD7 /* libsqlite3.tbd in Frameworks */ = {isa = PBXBuildFile; fileRef = 4C1679401C3BC4FC00D64DD7 /* libsqlite3.tbd */; };
		4C1679441C3BE3EB00D64DD7 /* SNCircleProgressView.m in Sources */ = {isa = PBXBuildFile; fileRef = 4C1679431C3BE3EB00D64DD7 /* SNCircleProgressView.m */; };
		4C31CE581C302F1800C84AC4 /* main.m in Sources */ = {isa = PBXBuildFile; fileRef = 4C31CE571C302F1800C84AC4 /* main.m */; };
		4C31CE5B1C302F1800C84AC4 /* AppDelegate.m in Sources */ = {isa = PBXBuildFile; fileRef = 4C31CE5A1C302F1800C84AC4 /* AppDelegate.m */; };
		4C31CE5E1C302F1800C84AC4 /* ViewController.m in Sources */ = {isa = PBXBuildFile; fileRef = 4C31CE5D1C302F1800C84AC4 /* ViewController.m */; };
		4C31CE611C302F1800C84AC4 /* Main.storyboard in Resources */ = {isa = PBXBuildFile; fileRef = 4C31CE5F1C302F1800C84AC4 /* Main.storyboard */; };
		4C31CE631C302F1800C84AC4 /* Assets.xcassets in Resources */ = {isa = PBXBuildFile; fileRef = 4C31CE621C302F1800C84AC4 /* Assets.xcassets */; };
		4C31CE661C302F1800C84AC4 /* LaunchScreen.storyboard in Resources */ = {isa = PBXBuildFile; fileRef = 4C31CE641C302F1800C84AC4 /* LaunchScreen.storyboard */; };
		4C31CE711C302F1800C84AC4 /* DictationTests.m in Sources */ = {isa = PBXBuildFile; fileRef = 4C31CE701C302F1800C84AC4 /* DictationTests.m */; };
		4C31CE7C1C302F1900C84AC4 /* DictationUITests.m in Sources */ = {isa = PBXBuildFile; fileRef = 4C31CE7B1C302F1900C84AC4 /* DictationUITests.m */; };
		4C31CE8C1C3030A400C84AC4 /* SliderViewController.m in Sources */ = {isa = PBXBuildFile; fileRef = 4C31CE8B1C3030A400C84AC4 /* SliderViewController.m */; };
		4C31CE981C30312900C84AC4 /* Utility.m in Sources */ = {isa = PBXBuildFile; fileRef = 4C31CE931C30312900C84AC4 /* Utility.m */; };
		4C31CE991C30312900C84AC4 /* WMUserDefault.m in Sources */ = {isa = PBXBuildFile; fileRef = 4C31CE951C30312900C84AC4 /* WMUserDefault.m */; };
		4C3C38561C5C9E2500C79A57 /* detection.aiff in Resources */ = {isa = PBXBuildFile; fileRef = 4C3C38531C5C9E2500C79A57 /* detection.aiff */; };
		4C3C38571C5C9E2500C79A57 /* RBDMuteSwitch.m in Sources */ = {isa = PBXBuildFile; fileRef = 4C3C38551C5C9E2500C79A57 /* RBDMuteSwitch.m */; };
		4C73C5F31C337C93001AD15F /* icn_pause@2x.png in Resources */ = {isa = PBXBuildFile; fileRef = 4C73C5F21C337C93001AD15F /* icn_pause@2x.png */; };
		4C73C5F61C33869E001AD15F /* soundMAX@2x.png in Resources */ = {isa = PBXBuildFile; fileRef = 4C73C5F41C33869E001AD15F /* soundMAX@2x.png */; };
		4C73C5F71C33869E001AD15F /* soundMIN@2x.png in Resources */ = {isa = PBXBuildFile; fileRef = 4C73C5F51C33869E001AD15F /* soundMIN@2x.png */; };
		4C73C5FA1C33A9C0001AD15F /* MusicListViewController.m in Sources */ = {isa = PBXBuildFile; fileRef = 4C73C5F91C33A9C0001AD15F /* MusicListViewController.m */; };
		4C73C5FC1C33A9FB001AD15F /* fa-align-justify@2x.png in Resources */ = {isa = PBXBuildFile; fileRef = 4C73C5FB1C33A9FB001AD15F /* fa-align-justify@2x.png */; };
		4C73C5FE1C33B949001AD15F /* icn_add@2x.png in Resources */ = {isa = PBXBuildFile; fileRef = 4C73C5FD1C33B949001AD15F /* icn_add@2x.png */; };
		4C73C6011C33D04F001AD15F /* RecoderViewController.m in Sources */ = {isa = PBXBuildFile; fileRef = 4C73C6001C33D04F001AD15F /* RecoderViewController.m */; };
		4C73C6031C33D5A2001AD15F /* icn_microphone@2x.png in Resources */ = {isa = PBXBuildFile; fileRef = 4C73C6021C33D5A2001AD15F /* icn_microphone@2x.png */; };
		4C73C6051C33D5B5001AD15F /* icn_hand@2x.png in Resources */ = {isa = PBXBuildFile; fileRef = 4C73C6041C33D5B5001AD15F /* icn_hand@2x.png */; };
		4C7AC14E1C3AD45C00B4929C /* LeadViewController.m in Sources */ = {isa = PBXBuildFile; fileRef = 4C7AC14D1C3AD45C00B4929C /* LeadViewController.m */; };
		4C7AC1511C3ADBA300B4929C /* WHC_MenuCell.m in Sources */ = {isa = PBXBuildFile; fileRef = 4C7AC1501C3ADBA300B4929C /* WHC_MenuCell.m */; };
		4C8781A71C342067009090A8 /* user_head@2x.png in Resources */ = {isa = PBXBuildFile; fileRef = 4C8781A61C342067009090A8 /* user_head@2x.png */; };
		4C8781A91C342074009090A8 /* icn_coin@2x.png in Resources */ = {isa = PBXBuildFile; fileRef = 4C8781A81C342074009090A8 /* icn_coin@2x.png */; };
		4C8781AC1C34208E009090A8 /* bootpage1@2x.png in Resources */ = {isa = PBXBuildFile; fileRef = 4C8781AA1C34208E009090A8 /* bootpage1@2x.png */; };
		4C8781AD1C34208E009090A8 /* bootpage2@2x.png in Resources */ = {isa = PBXBuildFile; fileRef = 4C8781AB1C34208E009090A8 /* bootpage2@2x.png */; };
		4C9C7E141C32A9CC003422F3 /* icn_close@2x.png in Resources */ = {isa = PBXBuildFile; fileRef = 4C9C7E131C32A9CC003422F3 /* icn_close@2x.png */; };
		4C9C7E161C32DC93003422F3 /* icn_play_big@2x.png in Resources */ = {isa = PBXBuildFile; fileRef = 4C9C7E151C32DC92003422F3 /* icn_play_big@2x.png */; };
		4CAD53761C32305F003ACE08 /* dictation_chinese.mp3 in Resources */ = {isa = PBXBuildFile; fileRef = 4CAD53741C32305F003ACE08 /* dictation_chinese.mp3 */; };
		4CAD53771C32305F003ACE08 /* dictation_english.mp3 in Resources */ = {isa = PBXBuildFile; fileRef = 4CAD53751C32305F003ACE08 /* dictation_english.mp3 */; };
		4CAD537B1C323226003ACE08 /* MusicData.m in Sources */ = {isa = PBXBuildFile; fileRef = 4CAD537A1C323226003ACE08 /* MusicData.m */; };
		4CB7B5021C32A7A30050FF97 /* TFLargerHitButton.m in Sources */ = {isa = PBXBuildFile; fileRef = 4CB7B5011C32A7A30050FF97 /* TFLargerHitButton.m */; };
		4CC0F3FE1C3AA28A00B7FE8F /* LeftViewController.m in Sources */ = {isa = PBXBuildFile; fileRef = 4CC0F3FD1C3AA28A00B7FE8F /* LeftViewController.m */; };
		4CCF05F11C3263E400DE99D2 /* MusicCell.m in Sources */ = {isa = PBXBuildFile; fileRef = 4CCF05F01C3263E400DE99D2 /* MusicCell.m */; };
		4CCF05F31C3267FD00DE99D2 /* icn_play@2x.png in Resources */ = {isa = PBXBuildFile; fileRef = 4CCF05F21C3267FD00DE99D2 /* icn_play@2x.png */; };
		89DD1C5F854AC46D920FC819 /* Pods_Dictation.framework in Frameworks */ = {isa = PBXBuildFile; fileRef = E60101D669102350A3D80FA9 /* Pods_Dictation.framework */; };
/* End PBXBuildFile section */

/* Begin PBXContainerItemProxy section */
		4C31CE6D1C302F1800C84AC4 /* PBXContainerItemProxy */ = {
			isa = PBXContainerItemProxy;
			containerPortal = 4C31CE4B1C302F1800C84AC4 /* Project object */;
			proxyType = 1;
			remoteGlobalIDString = 4C31CE521C302F1800C84AC4;
			remoteInfo = Dictation;
		};
		4C31CE781C302F1900C84AC4 /* PBXContainerItemProxy */ = {
			isa = PBXContainerItemProxy;
			containerPortal = 4C31CE4B1C302F1800C84AC4 /* Project object */;
			proxyType = 1;
			remoteGlobalIDString = 4C31CE521C302F1800C84AC4;
			remoteInfo = Dictation;
		};
/* End PBXContainerItemProxy section */

/* Begin PBXFileReference section */
		4C1679381C3BC29500D64DD7 /* SystemConfiguration.framework */ = {isa = PBXFileReference; lastKnownFileType = wrapper.framework; name = SystemConfiguration.framework; path = System/Library/Frameworks/SystemConfiguration.framework; sourceTree = SDKROOT; };
		4C16793A1C3BC2A300D64DD7 /* MobileCoreServices.framework */ = {isa = PBXFileReference; lastKnownFileType = wrapper.framework; name = MobileCoreServices.framework; path = System/Library/Frameworks/MobileCoreServices.framework; sourceTree = SDKROOT; };
		4C16793C1C3BC2AE00D64DD7 /* CoreTelephony.framework */ = {isa = PBXFileReference; lastKnownFileType = wrapper.framework; name = CoreTelephony.framework; path = System/Library/Frameworks/CoreTelephony.framework; sourceTree = SDKROOT; };
		4C16793E1C3BC2DA00D64DD7 /* CoreLocation.framework */ = {isa = PBXFileReference; lastKnownFileType = wrapper.framework; name = CoreLocation.framework; path = System/Library/Frameworks/CoreLocation.framework; sourceTree = SDKROOT; };
		4C1679401C3BC4FC00D64DD7 /* libsqlite3.tbd */ = {isa = PBXFileReference; lastKnownFileType = "sourcecode.text-based-dylib-definition"; name = libsqlite3.tbd; path = usr/lib/libsqlite3.tbd; sourceTree = SDKROOT; };
		4C1679421C3BE3EB00D64DD7 /* SNCircleProgressView.h */ = {isa = PBXFileReference; fileEncoding = 4; lastKnownFileType = sourcecode.c.h; path = SNCircleProgressView.h; sourceTree = "<group>"; };
		4C1679431C3BE3EB00D64DD7 /* SNCircleProgressView.m */ = {isa = PBXFileReference; fileEncoding = 4; lastKnownFileType = sourcecode.c.objc; path = SNCircleProgressView.m; sourceTree = "<group>"; };
		4C31CE531C302F1800C84AC4 /* Dictation.app */ = {isa = PBXFileReference; explicitFileType = wrapper.application; includeInIndex = 0; path = Dictation.app; sourceTree = BUILT_PRODUCTS_DIR; };
		4C31CE571C302F1800C84AC4 /* main.m */ = {isa = PBXFileReference; lastKnownFileType = sourcecode.c.objc; path = main.m; sourceTree = "<group>"; };
		4C31CE591C302F1800C84AC4 /* AppDelegate.h */ = {isa = PBXFileReference; lastKnownFileType = sourcecode.c.h; path = AppDelegate.h; sourceTree = "<group>"; };
		4C31CE5A1C302F1800C84AC4 /* AppDelegate.m */ = {isa = PBXFileReference; lastKnownFileType = sourcecode.c.objc; path = AppDelegate.m; sourceTree = "<group>"; };
		4C31CE5C1C302F1800C84AC4 /* ViewController.h */ = {isa = PBXFileReference; lastKnownFileType = sourcecode.c.h; path = ViewController.h; sourceTree = "<group>"; };
		4C31CE5D1C302F1800C84AC4 /* ViewController.m */ = {isa = PBXFileReference; lastKnownFileType = sourcecode.c.objc; path = ViewController.m; sourceTree = "<group>"; };
		4C31CE601C302F1800C84AC4 /* Base */ = {isa = PBXFileReference; lastKnownFileType = file.storyboard; name = Base; path = Base.lproj/Main.storyboard; sourceTree = "<group>"; };
		4C31CE621C302F1800C84AC4 /* Assets.xcassets */ = {isa = PBXFileReference; lastKnownFileType = folder.assetcatalog; path = Assets.xcassets; sourceTree = "<group>"; };
		4C31CE651C302F1800C84AC4 /* Base */ = {isa = PBXFileReference; lastKnownFileType = file.storyboard; name = Base; path = Base.lproj/LaunchScreen.storyboard; sourceTree = "<group>"; };
		4C31CE671C302F1800C84AC4 /* Info.plist */ = {isa = PBXFileReference; lastKnownFileType = text.plist.xml; path = Info.plist; sourceTree = "<group>"; };
		4C31CE6C1C302F1800C84AC4 /* DictationTests.xctest */ = {isa = PBXFileReference; explicitFileType = wrapper.cfbundle; includeInIndex = 0; path = DictationTests.xctest; sourceTree = BUILT_PRODUCTS_DIR; };
		4C31CE701C302F1800C84AC4 /* DictationTests.m */ = {isa = PBXFileReference; lastKnownFileType = sourcecode.c.objc; path = DictationTests.m; sourceTree = "<group>"; };
		4C31CE721C302F1800C84AC4 /* Info.plist */ = {isa = PBXFileReference; lastKnownFileType = text.plist.xml; path = Info.plist; sourceTree = "<group>"; };
		4C31CE771C302F1900C84AC4 /* DictationUITests.xctest */ = {isa = PBXFileReference; explicitFileType = wrapper.cfbundle; includeInIndex = 0; path = DictationUITests.xctest; sourceTree = BUILT_PRODUCTS_DIR; };
		4C31CE7B1C302F1900C84AC4 /* DictationUITests.m */ = {isa = PBXFileReference; lastKnownFileType = sourcecode.c.objc; path = DictationUITests.m; sourceTree = "<group>"; };
		4C31CE7D1C302F1900C84AC4 /* Info.plist */ = {isa = PBXFileReference; lastKnownFileType = text.plist.xml; path = Info.plist; sourceTree = "<group>"; };
		4C31CE8A1C3030A400C84AC4 /* SliderViewController.h */ = {isa = PBXFileReference; fileEncoding = 4; lastKnownFileType = sourcecode.c.h; path = SliderViewController.h; sourceTree = "<group>"; };
		4C31CE8B1C3030A400C84AC4 /* SliderViewController.m */ = {isa = PBXFileReference; fileEncoding = 4; lastKnownFileType = sourcecode.c.objc; path = SliderViewController.m; sourceTree = "<group>"; };
		4C31CE921C30312900C84AC4 /* Utility.h */ = {isa = PBXFileReference; fileEncoding = 4; lastKnownFileType = sourcecode.c.h; path = Utility.h; sourceTree = "<group>"; };
		4C31CE931C30312900C84AC4 /* Utility.m */ = {isa = PBXFileReference; fileEncoding = 4; lastKnownFileType = sourcecode.c.objc; path = Utility.m; sourceTree = "<group>"; };
		4C31CE941C30312900C84AC4 /* WMUserDefault.h */ = {isa = PBXFileReference; fileEncoding = 4; lastKnownFileType = sourcecode.c.h; path = WMUserDefault.h; sourceTree = "<group>"; };
		4C31CE951C30312900C84AC4 /* WMUserDefault.m */ = {isa = PBXFileReference; fileEncoding = 4; lastKnownFileType = sourcecode.c.objc; path = WMUserDefault.m; sourceTree = "<group>"; };
		4C3C38531C5C9E2500C79A57 /* detection.aiff */ = {isa = PBXFileReference; lastKnownFileType = audio.aiff; path = detection.aiff; sourceTree = "<group>"; };
		4C3C38541C5C9E2500C79A57 /* RBDMuteSwitch.h */ = {isa = PBXFileReference; fileEncoding = 4; lastKnownFileType = sourcecode.c.h; path = RBDMuteSwitch.h; sourceTree = "<group>"; };
		4C3C38551C5C9E2500C79A57 /* RBDMuteSwitch.m */ = {isa = PBXFileReference; fileEncoding = 4; lastKnownFileType = sourcecode.c.objc; path = RBDMuteSwitch.m; sourceTree = "<group>"; };
		4C73C5F21C337C93001AD15F /* icn_pause@2x.png */ = {isa = PBXFileReference; lastKnownFileType = image.png; path = "icn_pause@2x.png"; sourceTree = "<group>"; };
		4C73C5F41C33869E001AD15F /* soundMAX@2x.png */ = {isa = PBXFileReference; lastKnownFileType = image.png; path = "soundMAX@2x.png"; sourceTree = "<group>"; };
		4C73C5F51C33869E001AD15F /* soundMIN@2x.png */ = {isa = PBXFileReference; lastKnownFileType = image.png; path = "soundMIN@2x.png"; sourceTree = "<group>"; };
		4C73C5F81C33A9C0001AD15F /* MusicListViewController.h */ = {isa = PBXFileReference; fileEncoding = 4; lastKnownFileType = sourcecode.c.h; path = MusicListViewController.h; sourceTree = "<group>"; };
		4C73C5F91C33A9C0001AD15F /* MusicListViewController.m */ = {isa = PBXFileReference; fileEncoding = 4; lastKnownFileType = sourcecode.c.objc; path = MusicListViewController.m; sourceTree = "<group>"; };
		4C73C5FB1C33A9FB001AD15F /* fa-align-justify@2x.png */ = {isa = PBXFileReference; lastKnownFileType = image.png; path = "fa-align-justify@2x.png"; sourceTree = "<group>"; };
		4C73C5FD1C33B949001AD15F /* icn_add@2x.png */ = {isa = PBXFileReference; lastKnownFileType = image.png; path = "icn_add@2x.png"; sourceTree = "<group>"; };
		4C73C5FF1C33D04F001AD15F /* RecoderViewController.h */ = {isa = PBXFileReference; fileEncoding = 4; lastKnownFileType = sourcecode.c.h; path = RecoderViewController.h; sourceTree = "<group>"; };
		4C73C6001C33D04F001AD15F /* RecoderViewController.m */ = {isa = PBXFileReference; fileEncoding = 4; lastKnownFileType = sourcecode.c.objc; path = RecoderViewController.m; sourceTree = "<group>"; };
		4C73C6021C33D5A2001AD15F /* icn_microphone@2x.png */ = {isa = PBXFileReference; lastKnownFileType = image.png; path = "icn_microphone@2x.png"; sourceTree = "<group>"; };
		4C73C6041C33D5B5001AD15F /* icn_hand@2x.png */ = {isa = PBXFileReference; lastKnownFileType = image.png; path = "icn_hand@2x.png"; sourceTree = "<group>"; };
		4C7AC14C1C3AD45C00B4929C /* LeadViewController.h */ = {isa = PBXFileReference; fileEncoding = 4; lastKnownFileType = sourcecode.c.h; path = LeadViewController.h; sourceTree = "<group>"; };
		4C7AC14D1C3AD45C00B4929C /* LeadViewController.m */ = {isa = PBXFileReference; fileEncoding = 4; lastKnownFileType = sourcecode.c.objc; path = LeadViewController.m; sourceTree = "<group>"; };
		4C7AC14F1C3ADBA300B4929C /* WHC_MenuCell.h */ = {isa = PBXFileReference; fileEncoding = 4; lastKnownFileType = sourcecode.c.h; path = WHC_MenuCell.h; sourceTree = "<group>"; };
		4C7AC1501C3ADBA300B4929C /* WHC_MenuCell.m */ = {isa = PBXFileReference; fileEncoding = 4; lastKnownFileType = sourcecode.c.objc; path = WHC_MenuCell.m; sourceTree = "<group>"; };
		4C8781A61C342067009090A8 /* user_head@2x.png */ = {isa = PBXFileReference; lastKnownFileType = image.png; path = "user_head@2x.png"; sourceTree = "<group>"; };
		4C8781A81C342074009090A8 /* icn_coin@2x.png */ = {isa = PBXFileReference; lastKnownFileType = image.png; path = "icn_coin@2x.png"; sourceTree = "<group>"; };
		4C8781AA1C34208E009090A8 /* bootpage1@2x.png */ = {isa = PBXFileReference; lastKnownFileType = image.png; path = "bootpage1@2x.png"; sourceTree = "<group>"; };
		4C8781AB1C34208E009090A8 /* bootpage2@2x.png */ = {isa = PBXFileReference; lastKnownFileType = image.png; path = "bootpage2@2x.png"; sourceTree = "<group>"; };
		4C9C7E131C32A9CC003422F3 /* icn_close@2x.png */ = {isa = PBXFileReference; lastKnownFileType = image.png; path = "icn_close@2x.png"; sourceTree = "<group>"; };
		4C9C7E151C32DC92003422F3 /* icn_play_big@2x.png */ = {isa = PBXFileReference; lastKnownFileType = image.png; path = "icn_play_big@2x.png"; sourceTree = "<group>"; };
		4CAD53741C32305F003ACE08 /* dictation_chinese.mp3 */ = {isa = PBXFileReference; lastKnownFileType = audio.mp3; path = dictation_chinese.mp3; sourceTree = "<group>"; };
		4CAD53751C32305F003ACE08 /* dictation_english.mp3 */ = {isa = PBXFileReference; lastKnownFileType = audio.mp3; path = dictation_english.mp3; sourceTree = "<group>"; };
		4CAD53791C323226003ACE08 /* MusicData.h */ = {isa = PBXFileReference; fileEncoding = 4; lastKnownFileType = sourcecode.c.h; path = MusicData.h; sourceTree = "<group>"; };
		4CAD537A1C323226003ACE08 /* MusicData.m */ = {isa = PBXFileReference; fileEncoding = 4; lastKnownFileType = sourcecode.c.objc; path = MusicData.m; sourceTree = "<group>"; };
		4CB7B5001C32A7A30050FF97 /* TFLargerHitButton.h */ = {isa = PBXFileReference; fileEncoding = 4; lastKnownFileType = sourcecode.c.h; path = TFLargerHitButton.h; sourceTree = "<group>"; };
		4CB7B5011C32A7A30050FF97 /* TFLargerHitButton.m */ = {isa = PBXFileReference; fileEncoding = 4; lastKnownFileType = sourcecode.c.objc; path = TFLargerHitButton.m; sourceTree = "<group>"; };
		4CC0F3FC1C3AA28A00B7FE8F /* LeftViewController.h */ = {isa = PBXFileReference; fileEncoding = 4; lastKnownFileType = sourcecode.c.h; path = LeftViewController.h; sourceTree = "<group>"; };
		4CC0F3FD1C3AA28A00B7FE8F /* LeftViewController.m */ = {isa = PBXFileReference; fileEncoding = 4; lastKnownFileType = sourcecode.c.objc; path = LeftViewController.m; sourceTree = "<group>"; };
		4CCF05EF1C3263E400DE99D2 /* MusicCell.h */ = {isa = PBXFileReference; fileEncoding = 4; lastKnownFileType = sourcecode.c.h; path = MusicCell.h; sourceTree = "<group>"; };
		4CCF05F01C3263E400DE99D2 /* MusicCell.m */ = {isa = PBXFileReference; fileEncoding = 4; lastKnownFileType = sourcecode.c.objc; path = MusicCell.m; sourceTree = "<group>"; };
		4CCF05F21C3267FD00DE99D2 /* icn_play@2x.png */ = {isa = PBXFileReference; lastKnownFileType = image.png; path = "icn_play@2x.png"; sourceTree = "<group>"; };
		7051E352F4C24E381896C23E /* Pods-Dictation.release.xcconfig */ = {isa = PBXFileReference; includeInIndex = 1; lastKnownFileType = text.xcconfig; name = "Pods-Dictation.release.xcconfig"; path = "Pods/Target Support Files/Pods-Dictation/Pods-Dictation.release.xcconfig"; sourceTree = "<group>"; };
		E5D89B5EA215E59DFB0C161A /* Pods-Dictation.debug.xcconfig */ = {isa = PBXFileReference; includeInIndex = 1; lastKnownFileType = text.xcconfig; name = "Pods-Dictation.debug.xcconfig"; path = "Pods/Target Support Files/Pods-Dictation/Pods-Dictation.debug.xcconfig"; sourceTree = "<group>"; };
		E60101D669102350A3D80FA9 /* Pods_Dictation.framework */ = {isa = PBXFileReference; explicitFileType = wrapper.framework; includeInIndex = 0; path = Pods_Dictation.framework; sourceTree = BUILT_PRODUCTS_DIR; };
/* End PBXFileReference section */

/* Begin PBXFrameworksBuildPhase section */
		4C31CE501C302F1800C84AC4 /* Frameworks */ = {
			isa = PBXFrameworksBuildPhase;
			buildActionMask = 2147483647;
			files = (
				4C1679411C3BC4FC00D64DD7 /* libsqlite3.tbd in Frameworks */,
				4C16793F1C3BC2DA00D64DD7 /* CoreLocation.framework in Frameworks */,
				4C16793D1C3BC2AE00D64DD7 /* CoreTelephony.framework in Frameworks */,
				4C16793B1C3BC2A300D64DD7 /* MobileCoreServices.framework in Frameworks */,
				4C1679391C3BC29500D64DD7 /* SystemConfiguration.framework in Frameworks */,
				89DD1C5F854AC46D920FC819 /* Pods_Dictation.framework in Frameworks */,
			);
			runOnlyForDeploymentPostprocessing = 0;
		};
		4C31CE691C302F1800C84AC4 /* Frameworks */ = {
			isa = PBXFrameworksBuildPhase;
			buildActionMask = 2147483647;
			files = (
			);
			runOnlyForDeploymentPostprocessing = 0;
		};
		4C31CE741C302F1900C84AC4 /* Frameworks */ = {
			isa = PBXFrameworksBuildPhase;
			buildActionMask = 2147483647;
			files = (
			);
			runOnlyForDeploymentPostprocessing = 0;
		};
/* End PBXFrameworksBuildPhase section */

/* Begin PBXGroup section */
		4C31CE4A1C302F1800C84AC4 = {
			isa = PBXGroup;
			children = (
				4C1679401C3BC4FC00D64DD7 /* libsqlite3.tbd */,
				4C16793E1C3BC2DA00D64DD7 /* CoreLocation.framework */,
				4C16793C1C3BC2AE00D64DD7 /* CoreTelephony.framework */,
				4C16793A1C3BC2A300D64DD7 /* MobileCoreServices.framework */,
				4C1679381C3BC29500D64DD7 /* SystemConfiguration.framework */,
				4C31CE551C302F1800C84AC4 /* Dictation */,
				4C31CE6F1C302F1800C84AC4 /* DictationTests */,
				4C31CE7A1C302F1900C84AC4 /* DictationUITests */,
				4C31CE541C302F1800C84AC4 /* Products */,
				BCB61BCA5F07EF6D611BCE6B /* Pods */,
				5B42AC5BE5DFA54473A49DEA /* Frameworks */,
			);
			sourceTree = "<group>";
		};
		4C31CE541C302F1800C84AC4 /* Products */ = {
			isa = PBXGroup;
			children = (
				4C31CE531C302F1800C84AC4 /* Dictation.app */,
				4C31CE6C1C302F1800C84AC4 /* DictationTests.xctest */,
				4C31CE771C302F1900C84AC4 /* DictationUITests.xctest */,
			);
			name = Products;
			sourceTree = "<group>";
		};
		4C31CE551C302F1800C84AC4 /* Dictation */ = {
			isa = PBXGroup;
			children = (
				4CAD53781C3231F8003ACE08 /* DataModel */,
				4C31CE8D1C30312900C84AC4 /* Utility */,
				4C31CE891C3030A400C84AC4 /* SliderViewController */,
				4C31CE591C302F1800C84AC4 /* AppDelegate.h */,
				4C31CE5A1C302F1800C84AC4 /* AppDelegate.m */,
				4CC0F3FC1C3AA28A00B7FE8F /* LeftViewController.h */,
				4CC0F3FD1C3AA28A00B7FE8F /* LeftViewController.m */,
				4C1679421C3BE3EB00D64DD7 /* SNCircleProgressView.h */,
				4C1679431C3BE3EB00D64DD7 /* SNCircleProgressView.m */,
				4C31CE5C1C302F1800C84AC4 /* ViewController.h */,
				4C31CE5D1C302F1800C84AC4 /* ViewController.m */,
				4C73C5F81C33A9C0001AD15F /* MusicListViewController.h */,
				4C73C5F91C33A9C0001AD15F /* MusicListViewController.m */,
				4C73C5FF1C33D04F001AD15F /* RecoderViewController.h */,
				4C73C6001C33D04F001AD15F /* RecoderViewController.m */,
				4C7AC14C1C3AD45C00B4929C /* LeadViewController.h */,
				4C7AC14D1C3AD45C00B4929C /* LeadViewController.m */,
				4C3C38531C5C9E2500C79A57 /* detection.aiff */,
				4C3C38541C5C9E2500C79A57 /* RBDMuteSwitch.h */,
				4C3C38551C5C9E2500C79A57 /* RBDMuteSwitch.m */,
				4C7AC14F1C3ADBA300B4929C /* WHC_MenuCell.h */,
				4C7AC1501C3ADBA300B4929C /* WHC_MenuCell.m */,
				4CCF05EF1C3263E400DE99D2 /* MusicCell.h */,
				4CCF05F01C3263E400DE99D2 /* MusicCell.m */,
				4CB7B5001C32A7A30050FF97 /* TFLargerHitButton.h */,
				4CB7B5011C32A7A30050FF97 /* TFLargerHitButton.m */,
				4C31CE5F1C302F1800C84AC4 /* Main.storyboard */,
				4C31CE621C302F1800C84AC4 /* Assets.xcassets */,
				4C31CE641C302F1800C84AC4 /* LaunchScreen.storyboard */,
				4C31CE671C302F1800C84AC4 /* Info.plist */,
				4C31CE561C302F1800C84AC4 /* Supporting Files */,
			);
			path = Dictation;
			sourceTree = "<group>";
		};
		4C31CE561C302F1800C84AC4 /* Supporting Files */ = {
			isa = PBXGroup;
			children = (
				4CAD53731C32304F003ACE08 /* music */,
				4CAD53721C323028003ACE08 /* image */,
				4C31CE571C302F1800C84AC4 /* main.m */,
			);
			name = "Supporting Files";
			sourceTree = "<group>";
		};
		4C31CE6F1C302F1800C84AC4 /* DictationTests */ = {
			isa = PBXGroup;
			children = (
				4C31CE701C302F1800C84AC4 /* DictationTests.m */,
				4C31CE721C302F1800C84AC4 /* Info.plist */,
			);
			path = DictationTests;
			sourceTree = "<group>";
		};
		4C31CE7A1C302F1900C84AC4 /* DictationUITests */ = {
			isa = PBXGroup;
			children = (
				4C31CE7B1C302F1900C84AC4 /* DictationUITests.m */,
				4C31CE7D1C302F1900C84AC4 /* Info.plist */,
			);
			path = DictationUITests;
			sourceTree = "<group>";
		};
		4C31CE891C3030A400C84AC4 /* SliderViewController */ = {
			isa = PBXGroup;
			children = (
				4C31CE8A1C3030A400C84AC4 /* SliderViewController.h */,
				4C31CE8B1C3030A400C84AC4 /* SliderViewController.m */,
			);
			path = SliderViewController;
			sourceTree = "<group>";
		};
		4C31CE8D1C30312900C84AC4 /* Utility */ = {
			isa = PBXGroup;
			children = (
				4C31CE921C30312900C84AC4 /* Utility.h */,
				4C31CE931C30312900C84AC4 /* Utility.m */,
				4C31CE941C30312900C84AC4 /* WMUserDefault.h */,
				4C31CE951C30312900C84AC4 /* WMUserDefault.m */,
			);
			path = Utility;
			sourceTree = "<group>";
		};
		4CAD53721C323028003ACE08 /* image */ = {
			isa = PBXGroup;
			children = (
				4C8781AA1C34208E009090A8 /* bootpage1@2x.png */,
				4C8781AB1C34208E009090A8 /* bootpage2@2x.png */,
				4C8781A81C342074009090A8 /* icn_coin@2x.png */,
				4C8781A61C342067009090A8 /* user_head@2x.png */,
				4C73C6041C33D5B5001AD15F /* icn_hand@2x.png */,
				4C73C6021C33D5A2001AD15F /* icn_microphone@2x.png */,
				4C73C5FD1C33B949001AD15F /* icn_add@2x.png */,
				4C73C5FB1C33A9FB001AD15F /* fa-align-justify@2x.png */,
				4C73C5F41C33869E001AD15F /* soundMAX@2x.png */,
				4C73C5F51C33869E001AD15F /* soundMIN@2x.png */,
				4C73C5F21C337C93001AD15F /* icn_pause@2x.png */,
				4C9C7E131C32A9CC003422F3 /* icn_close@2x.png */,
				4CCF05F21C3267FD00DE99D2 /* icn_play@2x.png */,
				4C9C7E151C32DC92003422F3 /* icn_play_big@2x.png */,
			);
			path = image;
			sourceTree = "<group>";
		};
		4CAD53731C32304F003ACE08 /* music */ = {
			isa = PBXGroup;
			children = (
				4CAD53741C32305F003ACE08 /* dictation_chinese.mp3 */,
				4CAD53751C32305F003ACE08 /* dictation_english.mp3 */,
			);
			path = music;
			sourceTree = "<group>";
		};
		4CAD53781C3231F8003ACE08 /* DataModel */ = {
			isa = PBXGroup;
			children = (
				4CAD53791C323226003ACE08 /* MusicData.h */,
				4CAD537A1C323226003ACE08 /* MusicData.m */,
			);
			path = DataModel;
			sourceTree = "<group>";
		};
		5B42AC5BE5DFA54473A49DEA /* Frameworks */ = {
			isa = PBXGroup;
			children = (
				E60101D669102350A3D80FA9 /* Pods_Dictation.framework */,
			);
			name = Frameworks;
			sourceTree = "<group>";
		};
		BCB61BCA5F07EF6D611BCE6B /* Pods */ = {
			isa = PBXGroup;
			children = (
				E5D89B5EA215E59DFB0C161A /* Pods-Dictation.debug.xcconfig */,
				7051E352F4C24E381896C23E /* Pods-Dictation.release.xcconfig */,
			);
			name = Pods;
			sourceTree = "<group>";
		};
/* End PBXGroup section */

/* Begin PBXNativeTarget section */
		4C31CE521C302F1800C84AC4 /* Dictation */ = {
			isa = PBXNativeTarget;
			buildConfigurationList = 4C31CE801C302F1900C84AC4 /* Build configuration list for PBXNativeTarget "Dictation" */;
			buildPhases = (
				19EB2B18054B77937715898B /* [CP] Check Pods Manifest.lock */,
				4C31CE4F1C302F1800C84AC4 /* Sources */,
				4C31CE501C302F1800C84AC4 /* Frameworks */,
				4C31CE511C302F1800C84AC4 /* Resources */,
				529F023C64A8D4E033E7B15A /* [CP] Embed Pods Frameworks */,
				3E5C8406BCE9858F58380BDC /* [CP] Copy Pods Resources */,
			);
			buildRules = (
			);
			dependencies = (
			);
			name = Dictation;
			productName = Dictation;
			productReference = 4C31CE531C302F1800C84AC4 /* Dictation.app */;
			productType = "com.apple.product-type.application";
		};
		4C31CE6B1C302F1800C84AC4 /* DictationTests */ = {
			isa = PBXNativeTarget;
			buildConfigurationList = 4C31CE831C302F1900C84AC4 /* Build configuration list for PBXNativeTarget "DictationTests" */;
			buildPhases = (
				4C31CE681C302F1800C84AC4 /* Sources */,
				4C31CE691C302F1800C84AC4 /* Frameworks */,
				4C31CE6A1C302F1800C84AC4 /* Resources */,
			);
			buildRules = (
			);
			dependencies = (
				4C31CE6E1C302F1800C84AC4 /* PBXTargetDependency */,
			);
			name = DictationTests;
			productName = DictationTests;
			productReference = 4C31CE6C1C302F1800C84AC4 /* DictationTests.xctest */;
			productType = "com.apple.product-type.bundle.unit-test";
		};
		4C31CE761C302F1900C84AC4 /* DictationUITests */ = {
			isa = PBXNativeTarget;
			buildConfigurationList = 4C31CE861C302F1900C84AC4 /* Build configuration list for PBXNativeTarget "DictationUITests" */;
			buildPhases = (
				4C31CE731C302F1900C84AC4 /* Sources */,
				4C31CE741C302F1900C84AC4 /* Frameworks */,
				4C31CE751C302F1900C84AC4 /* Resources */,
			);
			buildRules = (
			);
			dependencies = (
				4C31CE791C302F1900C84AC4 /* PBXTargetDependency */,
			);
			name = DictationUITests;
			productName = DictationUITests;
			productReference = 4C31CE771C302F1900C84AC4 /* DictationUITests.xctest */;
			productType = "com.apple.product-type.bundle.ui-testing";
		};
/* End PBXNativeTarget section */

/* Begin PBXProject section */
		4C31CE4B1C302F1800C84AC4 /* Project object */ = {
			isa = PBXProject;
			attributes = {
				LastUpgradeCheck = 0900;
				ORGANIZATIONNAME = Michael;
				TargetAttributes = {
					4C31CE521C302F1800C84AC4 = {
						CreatedOnToolsVersion = 7.2;
						DevelopmentTeam = TGV2ER7UVL;
					};
					4C31CE6B1C302F1800C84AC4 = {
						CreatedOnToolsVersion = 7.2;
						TestTargetID = 4C31CE521C302F1800C84AC4;
					};
					4C31CE761C302F1900C84AC4 = {
						CreatedOnToolsVersion = 7.2;
						TestTargetID = 4C31CE521C302F1800C84AC4;
					};
				};
			};
			buildConfigurationList = 4C31CE4E1C302F1800C84AC4 /* Build configuration list for PBXProject "Dictation" */;
			compatibilityVersion = "Xcode 3.2";
			developmentRegion = English;
			hasScannedForEncodings = 0;
			knownRegions = (
				en,
				Base,
			);
			mainGroup = 4C31CE4A1C302F1800C84AC4;
			productRefGroup = 4C31CE541C302F1800C84AC4 /* Products */;
			projectDirPath = "";
			projectRoot = "";
			targets = (
				4C31CE521C302F1800C84AC4 /* Dictation */,
				4C31CE6B1C302F1800C84AC4 /* DictationTests */,
				4C31CE761C302F1900C84AC4 /* DictationUITests */,
			);
		};
/* End PBXProject section */

/* Begin PBXResourcesBuildPhase section */
		4C31CE511C302F1800C84AC4 /* Resources */ = {
			isa = PBXResourcesBuildPhase;
			buildActionMask = 2147483647;
			files = (
				4C8781A91C342074009090A8 /* icn_coin@2x.png in Resources */,
				4C3C38561C5C9E2500C79A57 /* detection.aiff in Resources */,
				4C73C5FE1C33B949001AD15F /* icn_add@2x.png in Resources */,
				4C9C7E161C32DC93003422F3 /* icn_play_big@2x.png in Resources */,
				4CAD53771C32305F003ACE08 /* dictation_english.mp3 in Resources */,
				4CAD53761C32305F003ACE08 /* dictation_chinese.mp3 in Resources */,
				4C31CE661C302F1800C84AC4 /* LaunchScreen.storyboard in Resources */,
				4C73C5F71C33869E001AD15F /* soundMIN@2x.png in Resources */,
				4C73C5F31C337C93001AD15F /* icn_pause@2x.png in Resources */,
				4CCF05F31C3267FD00DE99D2 /* icn_play@2x.png in Resources */,
				4C9C7E141C32A9CC003422F3 /* icn_close@2x.png in Resources */,
				4C31CE631C302F1800C84AC4 /* Assets.xcassets in Resources */,
				4C31CE611C302F1800C84AC4 /* Main.storyboard in Resources */,
				4C73C6051C33D5B5001AD15F /* icn_hand@2x.png in Resources */,
				4C8781AD1C34208E009090A8 /* bootpage2@2x.png in Resources */,
				4C73C5FC1C33A9FB001AD15F /* fa-align-justify@2x.png in Resources */,
				4C8781A71C342067009090A8 /* user_head@2x.png in Resources */,
				4C8781AC1C34208E009090A8 /* bootpage1@2x.png in Resources */,
				4C73C5F61C33869E001AD15F /* soundMAX@2x.png in Resources */,
				4C73C6031C33D5A2001AD15F /* icn_microphone@2x.png in Resources */,
			);
			runOnlyForDeploymentPostprocessing = 0;
		};
		4C31CE6A1C302F1800C84AC4 /* Resources */ = {
			isa = PBXResourcesBuildPhase;
			buildActionMask = 2147483647;
			files = (
			);
			runOnlyForDeploymentPostprocessing = 0;
		};
		4C31CE751C302F1900C84AC4 /* Resources */ = {
			isa = PBXResourcesBuildPhase;
			buildActionMask = 2147483647;
			files = (
			);
			runOnlyForDeploymentPostprocessing = 0;
		};
/* End PBXResourcesBuildPhase section */

/* Begin PBXShellScriptBuildPhase section */
		19EB2B18054B77937715898B /* [CP] Check Pods Manifest.lock */ = {
			isa = PBXShellScriptBuildPhase;
			buildActionMask = 2147483647;
			files = (
			);
			inputPaths = (
				"${PODS_PODFILE_DIR_PATH}/Podfile.lock",
				"${PODS_ROOT}/Manifest.lock",
			);
			name = "[CP] Check Pods Manifest.lock";
			outputPaths = (
				"$(DERIVED_FILE_DIR)/Pods-Dictation-checkManifestLockResult.txt",
			);
			runOnlyForDeploymentPostprocessing = 0;
			shellPath = /bin/sh;
			shellScript = "diff \"${PODS_PODFILE_DIR_PATH}/Podfile.lock\" \"${PODS_ROOT}/Manifest.lock\" > /dev/null\nif [ $? != 0 ] ; then\n    # print error to STDERR\n    echo \"error: The sandbox is not in sync with the Podfile.lock. Run 'pod install' or update your CocoaPods installation.\" >&2\n    exit 1\nfi\n# This output is used by Xcode 'outputs' to avoid re-running this script phase.\necho \"SUCCESS\" > \"${SCRIPT_OUTPUT_FILE_0}\"\n";
			showEnvVarsInLog = 0;
		};
		3E5C8406BCE9858F58380BDC /* [CP] Copy Pods Resources */ = {
			isa = PBXShellScriptBuildPhase;
			buildActionMask = 2147483647;
			files = (
			);
			inputPaths = (
			);
			name = "[CP] Copy Pods Resources";
			outputPaths = (
			);
			runOnlyForDeploymentPostprocessing = 0;
			shellPath = /bin/sh;
			shellScript = "\"${SRCROOT}/Pods/Target Support Files/Pods-Dictation/Pods-Dictation-resources.sh\"\n";
			showEnvVarsInLog = 0;
		};
		529F023C64A8D4E033E7B15A /* [CP] Embed Pods Frameworks */ = {
			isa = PBXShellScriptBuildPhase;
			buildActionMask = 2147483647;
			files = (
			);
			inputPaths = (
				"${SRCROOT}/Pods/Target Support Files/Pods-Dictation/Pods-Dictation-frameworks.sh",
				"${BUILT_PRODUCTS_DIR}/AFNetworking/AFNetworking.framework",
				"${BUILT_PRODUCTS_DIR}/AVOSCloud/AVOSCloud.framework",
				"${BUILT_PRODUCTS_DIR}/MBProgressHUD/MBProgressHUD.framework",
				"${BUILT_PRODUCTS_DIR}/RDVTabBarController/RDVTabBarController.framework",
				"${BUILT_PRODUCTS_DIR}/SDWebImage/SDWebImage.framework",
			);
			name = "[CP] Embed Pods Frameworks";
			outputPaths = (
				"${TARGET_BUILD_DIR}/${FRAMEWORKS_FOLDER_PATH}/AFNetworking.framework",
				"${TARGET_BUILD_DIR}/${FRAMEWORKS_FOLDER_PATH}/AVOSCloud.framework",
				"${TARGET_BUILD_DIR}/${FRAMEWORKS_FOLDER_PATH}/MBProgressHUD.framework",
				"${TARGET_BUILD_DIR}/${FRAMEWORKS_FOLDER_PATH}/RDVTabBarController.framework",
				"${TARGET_BUILD_DIR}/${FRAMEWORKS_FOLDER_PATH}/SDWebImage.framework",
			);
			runOnlyForDeploymentPostprocessing = 0;
			shellPath = /bin/sh;
			shellScript = "\"${SRCROOT}/Pods/Target Support Files/Pods-Dictation/Pods-Dictation-frameworks.sh\"\n";
			showEnvVarsInLog = 0;
		};
/* End PBXShellScriptBuildPhase section */

/* Begin PBXSourcesBuildPhase section */
		4C31CE4F1C302F1800C84AC4 /* Sources */ = {
			isa = PBXSourcesBuildPhase;
			buildActionMask = 2147483647;
			files = (
				4CB7B5021C32A7A30050FF97 /* TFLargerHitButton.m in Sources */,
				4C7AC1511C3ADBA300B4929C /* WHC_MenuCell.m in Sources */,
				4C31CE5E1C302F1800C84AC4 /* ViewController.m in Sources */,
				4C31CE5B1C302F1800C84AC4 /* AppDelegate.m in Sources */,
				4CAD537B1C323226003ACE08 /* MusicData.m in Sources */,
				4C7AC14E1C3AD45C00B4929C /* LeadViewController.m in Sources */,
				4C31CE991C30312900C84AC4 /* WMUserDefault.m in Sources */,
				4C31CE581C302F1800C84AC4 /* main.m in Sources */,
				4C31CE981C30312900C84AC4 /* Utility.m in Sources */,
				4C73C6011C33D04F001AD15F /* RecoderViewController.m in Sources */,
				4C1679441C3BE3EB00D64DD7 /* SNCircleProgressView.m in Sources */,
				4C31CE8C1C3030A400C84AC4 /* SliderViewController.m in Sources */,
				4CC0F3FE1C3AA28A00B7FE8F /* LeftViewController.m in Sources */,
				4C73C5FA1C33A9C0001AD15F /* MusicListViewController.m in Sources */,
				4CCF05F11C3263E400DE99D2 /* MusicCell.m in Sources */,
				4C3C38571C5C9E2500C79A57 /* RBDMuteSwitch.m in Sources */,
			);
			runOnlyForDeploymentPostprocessing = 0;
		};
		4C31CE681C302F1800C84AC4 /* Sources */ = {
			isa = PBXSourcesBuildPhase;
			buildActionMask = 2147483647;
			files = (
				4C31CE711C302F1800C84AC4 /* DictationTests.m in Sources */,
			);
			runOnlyForDeploymentPostprocessing = 0;
		};
		4C31CE731C302F1900C84AC4 /* Sources */ = {
			isa = PBXSourcesBuildPhase;
			buildActionMask = 2147483647;
			files = (
				4C31CE7C1C302F1900C84AC4 /* DictationUITests.m in Sources */,
			);
			runOnlyForDeploymentPostprocessing = 0;
		};
/* End PBXSourcesBuildPhase section */

/* Begin PBXTargetDependency section */
		4C31CE6E1C302F1800C84AC4 /* PBXTargetDependency */ = {
			isa = PBXTargetDependency;
			target = 4C31CE521C302F1800C84AC4 /* Dictation */;
			targetProxy = 4C31CE6D1C302F1800C84AC4 /* PBXContainerItemProxy */;
		};
		4C31CE791C302F1900C84AC4 /* PBXTargetDependency */ = {
			isa = PBXTargetDependency;
			target = 4C31CE521C302F1800C84AC4 /* Dictation */;
			targetProxy = 4C31CE781C302F1900C84AC4 /* PBXContainerItemProxy */;
		};
/* End PBXTargetDependency section */

/* Begin PBXVariantGroup section */
		4C31CE5F1C302F1800C84AC4 /* Main.storyboard */ = {
			isa = PBXVariantGroup;
			children = (
				4C31CE601C302F1800C84AC4 /* Base */,
			);
			name = Main.storyboard;
			sourceTree = "<group>";
		};
		4C31CE641C302F1800C84AC4 /* LaunchScreen.storyboard */ = {
			isa = PBXVariantGroup;
			children = (
				4C31CE651C302F1800C84AC4 /* Base */,
			);
			name = LaunchScreen.storyboard;
			sourceTree = "<group>";
		};
/* End PBXVariantGroup section */

/* Begin XCBuildConfiguration section */
		4C31CE7E1C302F1900C84AC4 /* Debug */ = {
			isa = XCBuildConfiguration;
			buildSettings = {
				ALWAYS_SEARCH_USER_PATHS = NO;
				CLANG_CXX_LANGUAGE_STANDARD = "gnu++0x";
				CLANG_CXX_LIBRARY = "libc++";
				CLANG_ENABLE_MODULES = YES;
				CLANG_ENABLE_OBJC_ARC = YES;
				CLANG_WARN_BLOCK_CAPTURE_AUTORELEASING = YES;
				CLANG_WARN_BOOL_CONVERSION = YES;
				CLANG_WARN_COMMA = YES;
				CLANG_WARN_CONSTANT_CONVERSION = YES;
				CLANG_WARN_DIRECT_OBJC_ISA_USAGE = YES_ERROR;
				CLANG_WARN_EMPTY_BODY = YES;
				CLANG_WARN_ENUM_CONVERSION = YES;
				CLANG_WARN_INFINITE_RECURSION = YES;
				CLANG_WARN_INT_CONVERSION = YES;
				CLANG_WARN_NON_LITERAL_NULL_CONVERSION = YES;
				CLANG_WARN_OBJC_LITERAL_CONVERSION = YES;
				CLANG_WARN_OBJC_ROOT_CLASS = YES_ERROR;
				CLANG_WARN_RANGE_LOOP_ANALYSIS = YES;
				CLANG_WARN_STRICT_PROTOTYPES = YES;
				CLANG_WARN_SUSPICIOUS_MOVE = YES;
				CLANG_WARN_UNREACHABLE_CODE = YES;
				CLANG_WARN__DUPLICATE_METHOD_MATCH = YES;
				"CODE_SIGN_IDENTITY[sdk=iphoneos*]" = "iPhone Developer";
				COPY_PHASE_STRIP = NO;
				DEBUG_INFORMATION_FORMAT = dwarf;
				ENABLE_STRICT_OBJC_MSGSEND = YES;
				ENABLE_TESTABILITY = YES;
				GCC_C_LANGUAGE_STANDARD = gnu99;
				GCC_DYNAMIC_NO_PIC = NO;
				GCC_NO_COMMON_BLOCKS = YES;
				GCC_OPTIMIZATION_LEVEL = 0;
				GCC_PREPROCESSOR_DEFINITIONS = (
					"DEBUG=1",
					"$(inherited)",
				);
				GCC_WARN_64_TO_32_BIT_CONVERSION = YES;
				GCC_WARN_ABOUT_RETURN_TYPE = YES_ERROR;
				GCC_WARN_UNDECLARED_SELECTOR = YES;
				GCC_WARN_UNINITIALIZED_AUTOS = YES_AGGRESSIVE;
				GCC_WARN_UNUSED_FUNCTION = YES;
				GCC_WARN_UNUSED_VARIABLE = YES;
				IPHONEOS_DEPLOYMENT_TARGET = 9.2;
				MTL_ENABLE_DEBUG_INFO = YES;
				ONLY_ACTIVE_ARCH = YES;
				OTHER_LDFLAGS = "$(inherited)";
				SDKROOT = iphoneos;
			};
			name = Debug;
		};
		4C31CE7F1C302F1900C84AC4 /* Release */ = {
			isa = XCBuildConfiguration;
			buildSettings = {
				ALWAYS_SEARCH_USER_PATHS = NO;
				CLANG_CXX_LANGUAGE_STANDARD = "gnu++0x";
				CLANG_CXX_LIBRARY = "libc++";
				CLANG_ENABLE_MODULES = YES;
				CLANG_ENABLE_OBJC_ARC = YES;
				CLANG_WARN_BLOCK_CAPTURE_AUTORELEASING = YES;
				CLANG_WARN_BOOL_CONVERSION = YES;
				CLANG_WARN_COMMA = YES;
				CLANG_WARN_CONSTANT_CONVERSION = YES;
				CLANG_WARN_DIRECT_OBJC_ISA_USAGE = YES_ERROR;
				CLANG_WARN_EMPTY_BODY = YES;
				CLANG_WARN_ENUM_CONVERSION = YES;
				CLANG_WARN_INFINITE_RECURSION = YES;
				CLANG_WARN_INT_CONVERSION = YES;
				CLANG_WARN_NON_LITERAL_NULL_CONVERSION = YES;
				CLANG_WARN_OBJC_LITERAL_CONVERSION = YES;
				CLANG_WARN_OBJC_ROOT_CLASS = YES_ERROR;
				CLANG_WARN_RANGE_LOOP_ANALYSIS = YES;
				CLANG_WARN_STRICT_PROTOTYPES = YES;
				CLANG_WARN_SUSPICIOUS_MOVE = YES;
				CLANG_WARN_UNREACHABLE_CODE = YES;
				CLANG_WARN__DUPLICATE_METHOD_MATCH = YES;
				"CODE_SIGN_IDENTITY[sdk=iphoneos*]" = "iPhone Developer";
				COPY_PHASE_STRIP = NO;
				DEBUG_INFORMATION_FORMAT = "dwarf-with-dsym";
				ENABLE_NS_ASSERTIONS = NO;
				ENABLE_STRICT_OBJC_MSGSEND = YES;
				GCC_C_LANGUAGE_STANDARD = gnu99;
				GCC_NO_COMMON_BLOCKS = YES;
				GCC_WARN_64_TO_32_BIT_CONVERSION = YES;
				GCC_WARN_ABOUT_RETURN_TYPE = YES_ERROR;
				GCC_WARN_UNDECLARED_SELECTOR = YES;
				GCC_WARN_UNINITIALIZED_AUTOS = YES_AGGRESSIVE;
				GCC_WARN_UNUSED_FUNCTION = YES;
				GCC_WARN_UNUSED_VARIABLE = YES;
				IPHONEOS_DEPLOYMENT_TARGET = 9.2;
				MTL_ENABLE_DEBUG_INFO = NO;
				OTHER_LDFLAGS = "$(inherited)";
				SDKROOT = iphoneos;
				VALIDATE_PRODUCT = YES;
			};
			name = Release;
		};
		4C31CE811C302F1900C84AC4 /* Debug */ = {
			isa = XCBuildConfiguration;
			baseConfigurationReference = E5D89B5EA215E59DFB0C161A /* Pods-Dictation.debug.xcconfig */;
			buildSettings = {
				ASSETCATALOG_COMPILER_APPICON_NAME = AppIcon;
				CODE_SIGN_IDENTITY = "iPhone Developer";
				"CODE_SIGN_IDENTITY[sdk=iphoneos*]" = "iPhone Developer";
				ENABLE_BITCODE = NO;
				FRAMEWORK_SEARCH_PATHS = (
					"$(inherited)",
					"$(PROJECT_DIR)",
				);
				INFOPLIST_FILE = Dictation/Info.plist;
				IPHONEOS_DEPLOYMENT_TARGET = 8.0;
				LD_RUNPATH_SEARCH_PATHS = "$(inherited) @executable_path/Frameworks";
				OTHER_LDFLAGS = (
					"-ObjC",
					"-licucore",
					"-lz",
				);
				PRODUCT_BUNDLE_IDENTIFIER = com.michael.Dictation;
				PRODUCT_NAME = "$(TARGET_NAME)";
				TARGETED_DEVICE_FAMILY = 1;
			};
			name = Debug;
		};
		4C31CE821C302F1900C84AC4 /* Release */ = {
			isa = XCBuildConfiguration;
			baseConfigurationReference = 7051E352F4C24E381896C23E /* Pods-Dictation.release.xcconfig */;
			buildSettings = {
				ASSETCATALOG_COMPILER_APPICON_NAME = AppIcon;
				CODE_SIGN_IDENTITY = "iPhone Distribution: Xiaodong Cui (TGV2ER7UVL)";
				"CODE_SIGN_IDENTITY[sdk=iphoneos*]" = "iPhone Distribution: Xiaodong Cui (TGV2ER7UVL)";
				ENABLE_BITCODE = NO;
				FRAMEWORK_SEARCH_PATHS = (
					"$(inherited)",
					"$(PROJECT_DIR)",
				);
				INFOPLIST_FILE = Dictation/Info.plist;
				IPHONEOS_DEPLOYMENT_TARGET = 8.0;
				LD_RUNPATH_SEARCH_PATHS = "$(inherited) @executable_path/Frameworks";
				OTHER_LDFLAGS = (
					"-ObjC",
					"-licucore",
					"-lz",
				);
				PRODUCT_BUNDLE_IDENTIFIER = com.michael.Dictation;
				PRODUCT_NAME = "$(TARGET_NAME)";
				TARGETED_DEVICE_FAMILY = 1;
			};
			name = Release;
		};
		4C31CE841C302F1900C84AC4 /* Debug */ = {
			isa = XCBuildConfiguration;
			buildSettings = {
				BUNDLE_LOADER = "$(TEST_HOST)";
				INFOPLIST_FILE = DictationTests/Info.plist;
				LD_RUNPATH_SEARCH_PATHS = "$(inherited) @executable_path/Frameworks @loader_path/Frameworks";
				PRODUCT_BUNDLE_IDENTIFIER = com.michael.photo.DictationTests;
				PRODUCT_NAME = "$(TARGET_NAME)";
				TEST_HOST = "$(BUILT_PRODUCTS_DIR)/Dictation.app/Dictation";
			};
			name = Debug;
		};
		4C31CE851C302F1900C84AC4 /* Release */ = {
			isa = XCBuildConfiguration;
			buildSettings = {
				BUNDLE_LOADER = "$(TEST_HOST)";
				INFOPLIST_FILE = DictationTests/Info.plist;
				LD_RUNPATH_SEARCH_PATHS = "$(inherited) @executable_path/Frameworks @loader_path/Frameworks";
				PRODUCT_BUNDLE_IDENTIFIER = com.michael.photo.DictationTests;
				PRODUCT_NAME = "$(TARGET_NAME)";
				TEST_HOST = "$(BUILT_PRODUCTS_DIR)/Dictation.app/Dictation";
			};
			name = Release;
		};
		4C31CE871C302F1900C84AC4 /* Debug */ = {
			isa = XCBuildConfiguration;
			buildSettings = {
				INFOPLIST_FILE = DictationUITests/Info.plist;
				LD_RUNPATH_SEARCH_PATHS = "$(inherited) @executable_path/Frameworks @loader_path/Frameworks";
				PRODUCT_BUNDLE_IDENTIFIER = com.michael.photo.DictationUITests;
				PRODUCT_NAME = "$(TARGET_NAME)";
				TEST_TARGET_NAME = Dictation;
				USES_XCTRUNNER = YES;
			};
			name = Debug;
		};
		4C31CE881C302F1900C84AC4 /* Release */ = {
			isa = XCBuildConfiguration;
			buildSettings = {
				INFOPLIST_FILE = DictationUITests/Info.plist;
				LD_RUNPATH_SEARCH_PATHS = "$(inherited) @executable_path/Frameworks @loader_path/Frameworks";
				PRODUCT_BUNDLE_IDENTIFIER = com.michael.photo.DictationUITests;
				PRODUCT_NAME = "$(TARGET_NAME)";
				TEST_TARGET_NAME = Dictation;
				USES_XCTRUNNER = YES;
			};
			name = Release;
		};
/* End XCBuildConfiguration section */

/* Begin XCConfigurationList section */
		4C31CE4E1C302F1800C84AC4 /* Build configuration list for PBXProject "Dictation" */ = {
			isa = XCConfigurationList;
			buildConfigurations = (
				4C31CE7E1C302F1900C84AC4 /* Debug */,
				4C31CE7F1C302F1900C84AC4 /* Release */,
			);
			defaultConfigurationIsVisible = 0;
			defaultConfigurationName = Release;
		};
		4C31CE801C302F1900C84AC4 /* Build configuration list for PBXNativeTarget "Dictation" */ = {
			isa = XCConfigurationList;
			buildConfigurations = (
				4C31CE811C302F1900C84AC4 /* Debug */,
				4C31CE821C302F1900C84AC4 /* Release */,
			);
			defaultConfigurationIsVisible = 0;
			defaultConfigurationName = Release;
		};
		4C31CE831C302F1900C84AC4 /* Build configuration list for PBXNativeTarget "DictationTests" */ = {
			isa = XCConfigurationList;
			buildConfigurations = (
				4C31CE841C302F1900C84AC4 /* Debug */,
				4C31CE851C302F1900C84AC4 /* Release */,
			);
			defaultConfigurationIsVisible = 0;
			defaultConfigurationName = Release;
		};
		4C31CE861C302F1900C84AC4 /* Build configuration list for PBXNativeTarget "DictationUITests" */ = {
			isa = XCConfigurationList;
			buildConfigurations = (
				4C31CE871C302F1900C84AC4 /* Debug */,
				4C31CE881C302F1900C84AC4 /* Release */,
			);
			defaultConfigurationIsVisible = 0;
			defaultConfigurationName = Release;
		};
/* End XCConfigurationList section */
	};
	rootObject = 4C31CE4B1C302F1800C84AC4 /* Project object */;
}
